
Microsoft Visual Studio Solution File, Format Version 12.00
# Visual Studio 2013
VisualStudioVersion = 12.0.30501.0
MinimumVisualStudioVersion = 10.0.40219.1
Project("{FAE04EC0-301F-11D3-BF4B-00C04F79EFBC}") = "WorkItemFieldHistory", "WorkItemFieldHistory\WorkItemFieldHistory.csproj", "{8EC94B08-AC04-4440-8ACA-7E372C29B4A6}"
EndProject
Project("{FAE04EC0-301F-11D3-BF4B-00C04F79EFBC}") = "WorkItemFieldHistory.WebAccess", "WorkItemFieldHistory.WebAccess\WorkItemFieldHistory.WebAccess.csproj", "{E03739B6-E3C6-4CF3-98BC-DCD02472B94C}"
EndProject
Project("{FAE04EC0-301F-11D3-BF4B-00C04F79EFBC}") = "WorkItemFieldHistory.UnitTests", "WorkItemFieldHistory.UnitTests\WorkItemFieldHistory.UnitTests.csproj", "{31C248C2-C5C3-4325-8C23-E614B1B45BAC}"
EndProject
Global
	GlobalSection(SolutionConfigurationPlatforms) = preSolution
		Debug|Any CPU = Debug|Any CPU
		Release|Any CPU = Release|Any CPU
	EndGlobalSection
	GlobalSection(ProjectConfigurationPlatforms) = postSolution
		{8EC94B08-AC04-4440-8ACA-7E372C29B4A6}.Debug|Any CPU.ActiveCfg = Debug|Any CPU
		{8EC94B08-AC04-4440-8ACA-7E372C29B4A6}.Debug|Any CPU.Build.0 = Debug|Any CPU
		{8EC94B08-AC04-4440-8ACA-7E372C29B4A6}.Release|Any CPU.ActiveCfg = Release|Any CPU
		{8EC94B08-AC04-4440-8ACA-7E372C29B4A6}.Release|Any CPU.Build.0 = Release|Any CPU
		{E03739B6-E3C6-4CF3-98BC-DCD02472B94C}.Debug|Any CPU.ActiveCfg = Debug|Any CPU
		{E03739B6-E3C6-4CF3-98BC-DCD02472B94C}.Debug|Any CPU.Build.0 = Debug|Any CPU
		{E03739B6-E3C6-4CF3-98BC-DCD02472B94C}.Release|Any CPU.ActiveCfg = Release|Any CPU
		{E03739B6-E3C6-4CF3-98BC-DCD02472B94C}.Release|Any CPU.Build.0 = Release|Any CPU
		{31C248C2-C5C3-4325-8C23-E614B1B45BAC}.Debug|Any CPU.ActiveCfg = Debug|Any CPU
		{31C248C2-C5C3-4325-8C23-E614B1B45BAC}.Debug|Any CPU.Build.0 = Debug|Any CPU
		{31C248C2-C5C3-4325-8C23-E614B1B45BAC}.Release|Any CPU.ActiveCfg = Release|Any CPU
		{31C248C2-C5C3-4325-8C23-E614B1B45BAC}.Release|Any CPU.Build.0 = Release|Any CPU
	EndGlobalSection
	GlobalSection(SolutionProperties) = preSolution
		HideSolutionNode = FALSE
	EndGlobalSection
EndGlobal
